
Microsoft Visual Studio Solution File, Format Version 12.00
# Visual Studio Version 17
VisualStudioVersion = 17.13.35931.197
MinimumVisualStudioVersion = 10.0.40219.1
Project("{FAE04EC0-301F-11D3-BF4B-00C04F79EFBC}") = "JS.AuditManager.RestApi", "AuditManager\JS.AuditManager.RestApi.csproj", "{0A6EF04A-95AA-4C6E-B57E-DF9D25C63E13}"
EndProject
Project("{FAE04EC0-301F-11D3-BF4B-00C04F79EFBC}") = "JS.AuditManager.Application", "JS.AuditManager.Application\JS.AuditManager.Application.csproj", "{D2B63EE5-C5A4-4184-AFD9-00A66D107BA1}"
EndProject
Project("{FAE04EC0-301F-11D3-BF4B-00C04F79EFBC}") = "JS.AuditManager.Infrastructure", "JS.AuditManager.Infrastructure\JS.AuditManager.Infrastructure.csproj", "{74D9BF21-753D-4A1B-B170-2D24F7675568}"
EndProject
Project("{FAE04EC0-301F-11D3-BF4B-00C04F79EFBC}") = "JS.AuditManager.Domain", "JS.AuditManager.Domain\JS.AuditManager.Domain.csproj", "{AC8DF5A2-4F55-46AD-9ADE-E33ABB1EFF61}"
EndProject
Project("{FAE04EC0-301F-11D3-BF4B-00C04F79EFBC}") = "JS.AuditManager.Tests", "JS.AuditManager.Tests\JS.AuditManager.Tests.csproj", "{B4A5052D-FD27-4DF4-9142-E02ED139E05B}"
EndProject
Global
	GlobalSection(SolutionConfigurationPlatforms) = preSolution
		Debug|Any CPU = Debug|Any CPU
		Release|Any CPU = Release|Any CPU
	EndGlobalSection
	GlobalSection(ProjectConfigurationPlatforms) = postSolution
		{0A6EF04A-95AA-4C6E-B57E-DF9D25C63E13}.Debug|Any CPU.ActiveCfg = Debug|Any CPU
		{0A6EF04A-95AA-4C6E-B57E-DF9D25C63E13}.Debug|Any CPU.Build.0 = Debug|Any CPU
		{0A6EF04A-95AA-4C6E-B57E-DF9D25C63E13}.Release|Any CPU.ActiveCfg = Release|Any CPU
		{0A6EF04A-95AA-4C6E-B57E-DF9D25C63E13}.Release|Any CPU.Build.0 = Release|Any CPU
		{D2B63EE5-C5A4-4184-AFD9-00A66D107BA1}.Debug|Any CPU.ActiveCfg = Debug|Any CPU
		{D2B63EE5-C5A4-4184-AFD9-00A66D107BA1}.Debug|Any CPU.Build.0 = Debug|Any CPU
		{D2B63EE5-C5A4-4184-AFD9-00A66D107BA1}.Release|Any CPU.ActiveCfg = Release|Any CPU
		{D2B63EE5-C5A4-4184-AFD9-00A66D107BA1}.Release|Any CPU.Build.0 = Release|Any CPU
		{74D9BF21-753D-4A1B-B170-2D24F7675568}.Debug|Any CPU.ActiveCfg = Debug|Any CPU
		{74D9BF21-753D-4A1B-B170-2D24F7675568}.Debug|Any CPU.Build.0 = Debug|Any CPU
		{74D9BF21-753D-4A1B-B170-2D24F7675568}.Release|Any CPU.ActiveCfg = Release|Any CPU
		{74D9BF21-753D-4A1B-B170-2D24F7675568}.Release|Any CPU.Build.0 = Release|Any CPU
		{AC8DF5A2-4F55-46AD-9ADE-E33ABB1EFF61}.Debug|Any CPU.ActiveCfg = Debug|Any CPU
		{AC8DF5A2-4F55-46AD-9ADE-E33ABB1EFF61}.Debug|Any CPU.Build.0 = Debug|Any CPU
		{AC8DF5A2-4F55-46AD-9ADE-E33ABB1EFF61}.Release|Any CPU.ActiveCfg = Release|Any CPU
		{AC8DF5A2-4F55-46AD-9ADE-E33ABB1EFF61}.Release|Any CPU.Build.0 = Release|Any CPU
		{B4A5052D-FD27-4DF4-9142-E02ED139E05B}.Debug|Any CPU.ActiveCfg = Debug|Any CPU
		{B4A5052D-FD27-4DF4-9142-E02ED139E05B}.Debug|Any CPU.Build.0 = Debug|Any CPU
		{B4A5052D-FD27-4DF4-9142-E02ED139E05B}.Release|Any CPU.ActiveCfg = Release|Any CPU
		{B4A5052D-FD27-4DF4-9142-E02ED139E05B}.Release|Any CPU.Build.0 = Release|Any CPU
	EndGlobalSection
	GlobalSection(SolutionProperties) = preSolution
		HideSolutionNode = FALSE
	EndGlobalSection
	GlobalSection(ExtensibilityGlobals) = postSolution
		SolutionGuid = {E3914503-C09B-496E-A135-CB4879822337}
	EndGlobalSection
EndGlobal
